
Microsoft Visual Studio Solution File, Format Version 12.00
# Visual Studio Version 17
VisualStudioVersion = 17.14.37301.10
MinimumVisualStudioVersion = 10.0.40219.1
Project("{FAE04EC0-301F-11D3-BF4B-00C04F79EFBC}") = "OrderModule", "OrderModule\OrderModule.csproj", "{C36A9ED4-D4E1-4B7D-88BF-76D2B61DBC63}"
EndProject
Project("{FAE04EC0-301F-11D3-BF4B-00C04F79EFBC}") = "InventoryModule", "InventoryModule\InventoryModule.csproj", "{0F47987B-6F23-4CD0-8880-620ACBF607D7}"
EndProject
Project("{FAE04EC0-301F-11D3-BF4B-00C04F79EFBC}") = "Common", "Common\Common.csproj", "{4DDBA985-812C-4FCC-8E4C-7D52111891A2}"
EndProject
Project("{FAE04EC0-301F-11D3-BF4B-00C04F79EFBC}") = "PaymentModule", "PaymentModule\PaymentModule.csproj", "{9FB0DE8D-CB54-46A8-8AC0-016B99D166CF}"
EndProject
Project("{FAE04EC0-301F-11D3-BF4B-00C04F79EFBC}") = "NotificationModule", "NotificationModule\NotificationModule.csproj", "{8565C2C0-C651-4F18-8E08-08727D2D4949}"
EndProject
Project("{2150E333-8FDC-42A3-9474-1A3956D46DE8}") = "Solution Items", "Solution Items", "{8EC462FD-D22E-90A8-E5CE-7E832BA40C5D}"
	ProjectSection(SolutionItems) = preProject
		.dockerignore = .dockerignore
		docker-compose.yml = docker-compose.yml
	EndProjectSection
EndProject
Global
	GlobalSection(SolutionConfigurationPlatforms) = preSolution
		Debug|Any CPU = Debug|Any CPU
		Release|Any CPU = Release|Any CPU
	EndGlobalSection
	GlobalSection(ProjectConfigurationPlatforms) = postSolution
		{C36A9ED4-D4E1-4B7D-88BF-76D2B61DBC63}.Debug|Any CPU.ActiveCfg = Debug|Any CPU
		{C36A9ED4-D4E1-4B7D-88BF-76D2B61DBC63}.Debug|Any CPU.Build.0 = Debug|Any CPU
		{C36A9ED4-D4E1-4B7D-88BF-76D2B61DBC63}.Release|Any CPU.ActiveCfg = Release|Any CPU
		{C36A9ED4-D4E1-4B7D-88BF-76D2B61DBC63}.Release|Any CPU.Build.0 = Release|Any CPU
		{0F47987B-6F23-4CD0-8880-620ACBF607D7}.Debug|Any CPU.ActiveCfg = Debug|Any CPU
		{0F47987B-6F23-4CD0-8880-620ACBF607D7}.Debug|Any CPU.Build.0 = Debug|Any CPU
		{0F47987B-6F23-4CD0-8880-620ACBF607D7}.Release|Any CPU.ActiveCfg = Release|Any CPU
		{0F47987B-6F23-4CD0-8880-620ACBF607D7}.Release|Any CPU.Build.0 = Release|Any CPU
		{4DDBA985-812C-4FCC-8E4C-7D52111891A2}.Debug|Any CPU.ActiveCfg = Debug|Any CPU
		{4DDBA985-812C-4FCC-8E4C-7D52111891A2}.Debug|Any CPU.Build.0 = Debug|Any CPU
		{4DDBA985-812C-4FCC-8E4C-7D52111891A2}.Release|Any CPU.ActiveCfg = Release|Any CPU
		{4DDBA985-812C-4FCC-8E4C-7D52111891A2}.Release|Any CPU.Build.0 = Release|Any CPU
		{9FB0DE8D-CB54-46A8-8AC0-016B99D166CF}.Debug|Any CPU.ActiveCfg = Debug|Any CPU
		{9FB0DE8D-CB54-46A8-8AC0-016B99D166CF}.Debug|Any CPU.Build.0 = Debug|Any CPU
		{9FB0DE8D-CB54-46A8-8AC0-016B99D166CF}.Release|Any CPU.ActiveCfg = Release|Any CPU
		{9FB0DE8D-CB54-46A8-8AC0-016B99D166CF}.Release|Any CPU.Build.0 = Release|Any CPU
		{8565C2C0-C651-4F18-8E08-08727D2D4949}.Debug|Any CPU.ActiveCfg = Debug|Any CPU
		{8565C2C0-C651-4F18-8E08-08727D2D4949}.Debug|Any CPU.Build.0 = Debug|Any CPU
		{8565C2C0-C651-4F18-8E08-08727D2D4949}.Release|Any CPU.ActiveCfg = Release|Any CPU
		{8565C2C0-C651-4F18-8E08-08727D2D4949}.Release|Any CPU.Build.0 = Release|Any CPU
	EndGlobalSection
	GlobalSection(SolutionProperties) = preSolution
		HideSolutionNode = FALSE
	EndGlobalSection
	GlobalSection(ExtensibilityGlobals) = postSolution
		SolutionGuid = {D9BBA6FE-0EF0-437C-A352-524A5EAD7116}
	EndGlobalSection
EndGlobal
